
Microsoft Visual Studio Solution File, Format Version 12.00
# Visual Studio 2013
VisualStudioVersion = 12.0.30723.0
MinimumVisualStudioVersion = 10.0.40219.1
Project("{FAE04EC0-301F-11D3-BF4B-00C04F79EFBC}") = "iServer", "iServer\iServer.csproj", "{99314FEF-C003-4B82-9DD1-5EF16AAD11F6}"
EndProject
Project("{FAE04EC0-301F-11D3-BF4B-00C04F79EFBC}") = "iRaidDatamodel", "iRaidDatamodel\iRaidDatamodel.csproj", "{A93B8984-BD9F-41B6-8C28-9A6AE203C35C}"
EndProject
Project("{FAE04EC0-301F-11D3-BF4B-00C04F79EFBC}") = "iRaidWebsocket", "iRaidWebsocket\iRaidWebsocket.csproj", "{F4643BFE-23FD-4D73-AA48-E7EA056118CC}"
EndProject
Project("{FAE04EC0-301F-11D3-BF4B-00C04F79EFBC}") = "websocket-sharp", "websocket-sharp-master\websocket-sharp\websocket-sharp.csproj", "{B357BAC7-529E-4D81-A0D2-71041B19C8DE}"
EndProject
Project("{FAE04EC0-301F-11D3-BF4B-00C04F79EFBC}") = "iRaidApi", "iRaidApi\iRaidApi.csproj", "{F471EF0F-5A54-40CA-9081-E17F6A473476}"
EndProject
Project("{FAE04EC0-301F-11D3-BF4B-00C04F79EFBC}") = "ServiceStack.Redis", "ServiceStack.Redis-master\src\ServiceStack.Redis\ServiceStack.Redis.csproj", "{AF99F19B-4C04-4F58-81EF-B092F1FCC540}"
EndProject
Project("{2150E333-8FDC-42A3-9474-1A3956D46DE8}") = "Solution Items", "Solution Items", "{3904EBD3-DF98-4B27-AA96-6EE565CFCFE6}"
	ProjectSection(SolutionItems) = preProject
		Assets\ServiceStack.Common.dll = Assets\ServiceStack.Common.dll
		Assets\ServiceStack.Common.xml = Assets\ServiceStack.Common.xml
		Assets\ServiceStack.Interfaces.dll = Assets\ServiceStack.Interfaces.dll
		Assets\ServiceStack.Redis.XML = Assets\ServiceStack.Redis.XML
		Assets\ServiceStack.Text.dll = Assets\ServiceStack.Text.dll
		Assets\ServiceStack.Text.xml = Assets\ServiceStack.Text.xml
	EndProjectSection
EndProject
Project("{FAE04EC0-301F-11D3-BF4B-00C04F79EFBC}") = "iRaidPoRK", "PeopleOfRubiKa\iRaidPoRK.csproj", "{210B3F8A-8970-4408-B80F-940CCFA0B2B7}"
EndProject
Project("{FAE04EC0-301F-11D3-BF4B-00C04F79EFBC}") = "iRaidTools", "iRaidTools\iRaidTools.csproj", "{AD1ACA3A-6901-407E-813F-DB02C6DB9058}"
EndProject
Project("{FAE04EC0-301F-11D3-BF4B-00C04F79EFBC}") = "iRaidBusiness", "iRaidBusiness\iRaidBusiness.csproj", "{5F3C99C7-0D6E-4078-8CD9-F400E3BB8570}"
EndProject
Project("{FAE04EC0-301F-11D3-BF4B-00C04F79EFBC}") = "iRaidTemplating", "iRaidTemplating\iRaidTemplating.csproj", "{F0F86ADC-238A-4193-B7B8-B5BCDDE85BD2}"
EndProject
Project("{FAE04EC0-301F-11D3-BF4B-00C04F79EFBC}") = "UnitTesting", "UnitTesting\UnitTesting.csproj", "{818FC7A1-3087-4207-B5EA-3EA8BB86B7DB}"
EndProject
Global
	GlobalSection(SolutionConfigurationPlatforms) = preSolution
		Debug_Ubuntu|Any CPU = Debug_Ubuntu|Any CPU
		Debug_Ubuntu|x86 = Debug_Ubuntu|x86
		Debug|Any CPU = Debug|Any CPU
		Debug|x86 = Debug|x86
		MonoTouch|Any CPU = MonoTouch|Any CPU
		MonoTouch|x86 = MonoTouch|x86
		Release_Ubuntu|Any CPU = Release_Ubuntu|Any CPU
		Release_Ubuntu|x86 = Release_Ubuntu|x86
		Release|Any CPU = Release|Any CPU
		Release|x86 = Release|x86
		Signed|Any CPU = Signed|Any CPU
		Signed|x86 = Signed|x86
		STATIC_ONLY NO_EXPRESSIONS|Any CPU = STATIC_ONLY NO_EXPRESSIONS|Any CPU
		STATIC_ONLY NO_EXPRESSIONS|x86 = STATIC_ONLY NO_EXPRESSIONS|x86
	EndGlobalSection
	GlobalSection(ProjectConfigurationPlatforms) = postSolution
		{99314FEF-C003-4B82-9DD1-5EF16AAD11F6}.Debug_Ubuntu|Any CPU.ActiveCfg = Debug|Any CPU
		{99314FEF-C003-4B82-9DD1-5EF16AAD11F6}.Debug_Ubuntu|Any CPU.Build.0 = Debug|Any CPU
		{99314FEF-C003-4B82-9DD1-5EF16AAD11F6}.Debug_Ubuntu|x86.ActiveCfg = Debug|Any CPU
		{99314FEF-C003-4B82-9DD1-5EF16AAD11F6}.Debug|Any CPU.ActiveCfg = Debug|Any CPU
		{99314FEF-C003-4B82-9DD1-5EF16AAD11F6}.Debug|Any CPU.Build.0 = Debug|Any CPU
		{99314FEF-C003-4B82-9DD1-5EF16AAD11F6}.Debug|x86.ActiveCfg = Debug|Any CPU
		{99314FEF-C003-4B82-9DD1-5EF16AAD11F6}.MonoTouch|Any CPU.ActiveCfg = Release|Any CPU
		{99314FEF-C003-4B82-9DD1-5EF16AAD11F6}.MonoTouch|Any CPU.Build.0 = Release|Any CPU
		{99314FEF-C003-4B82-9DD1-5EF16AAD11F6}.MonoTouch|x86.ActiveCfg = Release|Any CPU
		{99314FEF-C003-4B82-9DD1-5EF16AAD11F6}.Release_Ubuntu|Any CPU.ActiveCfg = Release|Any CPU
		{99314FEF-C003-4B82-9DD1-5EF16AAD11F6}.Release_Ubuntu|Any CPU.Build.0 = Release|Any CPU
		{99314FEF-C003-4B82-9DD1-5EF16AAD11F6}.Release_Ubuntu|x86.ActiveCfg = Release|Any CPU
		{99314FEF-C003-4B82-9DD1-5EF16AAD11F6}.Release|Any CPU.ActiveCfg = Release|Any CPU
		{99314FEF-C003-4B82-9DD1-5EF16AAD11F6}.Release|Any CPU.Build.0 = Release|Any CPU
		{99314FEF-C003-4B82-9DD1-5EF16AAD11F6}.Release|x86.ActiveCfg = Release|Any CPU
		{99314FEF-C003-4B82-9DD1-5EF16AAD11F6}.Signed|Any CPU.ActiveCfg = Release|Any CPU
		{99314FEF-C003-4B82-9DD1-5EF16AAD11F6}.Signed|Any CPU.Build.0 = Release|Any CPU
		{99314FEF-C003-4B82-9DD1-5EF16AAD11F6}.Signed|x86.ActiveCfg = Release|Any CPU
		{99314FEF-C003-4B82-9DD1-5EF16AAD11F6}.STATIC_ONLY NO_EXPRESSIONS|Any CPU.ActiveCfg = Release|Any CPU
		{99314FEF-C003-4B82-9DD1-5EF16AAD11F6}.STATIC_ONLY NO_EXPRESSIONS|Any CPU.Build.0 = Release|Any CPU
		{99314FEF-C003-4B82-9DD1-5EF16AAD11F6}.STATIC_ONLY NO_EXPRESSIONS|x86.ActiveCfg = Release|Any CPU
		{A93B8984-BD9F-41B6-8C28-9A6AE203C35C}.Debug_Ubuntu|Any CPU.ActiveCfg = Debug|Any CPU
		{A93B8984-BD9F-41B6-8C28-9A6AE203C35C}.Debug_Ubuntu|Any CPU.Build.0 = Debug|Any CPU
		{A93B8984-BD9F-41B6-8C28-9A6AE203C35C}.Debug_Ubuntu|x86.ActiveCfg = Debug|Any CPU
		{A93B8984-BD9F-41B6-8C28-9A6AE203C35C}.Debug|Any CPU.ActiveCfg = Debug|Any CPU
		{A93B8984-BD9F-41B6-8C28-9A6AE203C35C}.Debug|Any CPU.Build.0 = Debug|Any CPU
		{A93B8984-BD9F-41B6-8C28-9A6AE203C35C}.Debug|x86.ActiveCfg = Debug|Any CPU
		{A93B8984-BD9F-41B6-8C28-9A6AE203C35C}.MonoTouch|Any CPU.ActiveCfg = Release|Any CPU
		{A93B8984-BD9F-41B6-8C28-9A6AE203C35C}.MonoTouch|Any CPU.Build.0 = Release|Any CPU
		{A93B8984-BD9F-41B6-8C28-9A6AE203C35C}.MonoTouch|x86.ActiveCfg = Release|Any CPU
		{A93B8984-BD9F-41B6-8C28-9A6AE203C35C}.Release_Ubuntu|Any CPU.ActiveCfg = Release|Any CPU
		{A93B8984-BD9F-41B6-8C28-9A6AE203C35C}.Release_Ubuntu|Any CPU.Build.0 = Release|Any CPU
		{A93B8984-BD9F-41B6-8C28-9A6AE203C35C}.Release_Ubuntu|x86.ActiveCfg = Release|Any CPU
		{A93B8984-BD9F-41B6-8C28-9A6AE203C35C}.Release|Any CPU.ActiveCfg = Release|Any CPU
		{A93B8984-BD9F-41B6-8C28-9A6AE203C35C}.Release|Any CPU.Build.0 = Release|Any CPU
		{A93B8984-BD9F-41B6-8C28-9A6AE203C35C}.Release|x86.ActiveCfg = Release|Any CPU
		{A93B8984-BD9F-41B6-8C28-9A6AE203C35C}.Signed|Any CPU.ActiveCfg = Release|Any CPU
		{A93B8984-BD9F-41B6-8C28-9A6AE203C35C}.Signed|Any CPU.Build.0 = Release|Any CPU
		{A93B8984-BD9F-41B6-8C28-9A6AE203C35C}.Signed|x86.ActiveCfg = Release|Any CPU
		{A93B8984-BD9F-41B6-8C28-9A6AE203C35C}.STATIC_ONLY NO_EXPRESSIONS|Any CPU.ActiveCfg = Release|Any CPU
		{A93B8984-BD9F-41B6-8C28-9A6AE203C35C}.STATIC_ONLY NO_EXPRESSIONS|Any CPU.Build.0 = Release|Any CPU
		{A93B8984-BD9F-41B6-8C28-9A6AE203C35C}.STATIC_ONLY NO_EXPRESSIONS|x86.ActiveCfg = Release|Any CPU
		{F4643BFE-23FD-4D73-AA48-E7EA056118CC}.Debug_Ubuntu|Any CPU.ActiveCfg = Debug|Any CPU
		{F4643BFE-23FD-4D73-AA48-E7EA056118CC}.Debug_Ubuntu|Any CPU.Build.0 = Debug|Any CPU
		{F4643BFE-23FD-4D73-AA48-E7EA056118CC}.Debug_Ubuntu|x86.ActiveCfg = Debug|Any CPU
		{F4643BFE-23FD-4D73-AA48-E7EA056118CC}.Debug|Any CPU.ActiveCfg = Debug|Any CPU
		{F4643BFE-23FD-4D73-AA48-E7EA056118CC}.Debug|Any CPU.Build.0 = Debug|Any CPU
		{F4643BFE-23FD-4D73-AA48-E7EA056118CC}.Debug|x86.ActiveCfg = Debug|Any CPU
		{F4643BFE-23FD-4D73-AA48-E7EA056118CC}.MonoTouch|Any CPU.ActiveCfg = Release|Any CPU
		{F4643BFE-23FD-4D73-AA48-E7EA056118CC}.MonoTouch|Any CPU.Build.0 = Release|Any CPU
		{F4643BFE-23FD-4D73-AA48-E7EA056118CC}.MonoTouch|x86.ActiveCfg = Release|Any CPU
		{F4643BFE-23FD-4D73-AA48-E7EA056118CC}.Release_Ubuntu|Any CPU.ActiveCfg = Release|Any CPU
		{F4643BFE-23FD-4D73-AA48-E7EA056118CC}.Release_Ubuntu|Any CPU.Build.0 = Release|Any CPU
		{F4643BFE-23FD-4D73-AA48-E7EA056118CC}.Release_Ubuntu|x86.ActiveCfg = Release|Any CPU
		{F4643BFE-23FD-4D73-AA48-E7EA056118CC}.Release|Any CPU.ActiveCfg = Release|Any CPU
		{F4643BFE-23FD-4D73-AA48-E7EA056118CC}.Release|Any CPU.Build.0 = Release|Any CPU
		{F4643BFE-23FD-4D73-AA48-E7EA056118CC}.Release|x86.ActiveCfg = Release|Any CPU
		{F4643BFE-23FD-4D73-AA48-E7EA056118CC}.Signed|Any CPU.ActiveCfg = Release|Any CPU
		{F4643BFE-23FD-4D73-AA48-E7EA056118CC}.Signed|Any CPU.Build.0 = Release|Any CPU
		{F4643BFE-23FD-4D73-AA48-E7EA056118CC}.Signed|x86.ActiveCfg = Release|Any CPU
		{F4643BFE-23FD-4D73-AA48-E7EA056118CC}.STATIC_ONLY NO_EXPRESSIONS|Any CPU.ActiveCfg = Release|Any CPU
		{F4643BFE-23FD-4D73-AA48-E7EA056118CC}.STATIC_ONLY NO_EXPRESSIONS|Any CPU.Build.0 = Release|Any CPU
		{F4643BFE-23FD-4D73-AA48-E7EA056118CC}.STATIC_ONLY NO_EXPRESSIONS|x86.ActiveCfg = Release|Any CPU
		{B357BAC7-529E-4D81-A0D2-71041B19C8DE}.Debug_Ubuntu|Any CPU.ActiveCfg = Debug_Ubuntu|Any CPU
		{B357BAC7-529E-4D81-A0D2-71041B19C8DE}.Debug_Ubuntu|Any CPU.Build.0 = Debug_Ubuntu|Any CPU
		{B357BAC7-529E-4D81-A0D2-71041B19C8DE}.Debug_Ubuntu|x86.ActiveCfg = Debug_Ubuntu|Any CPU
		{B357BAC7-529E-4D81-A0D2-71041B19C8DE}.Debug|Any CPU.ActiveCfg = Debug|Any CPU
		{B357BAC7-529E-4D81-A0D2-71041B19C8DE}.Debug|Any CPU.Build.0 = Debug|Any CPU
		{B357BAC7-529E-4D81-A0D2-71041B19C8DE}.Debug|x86.ActiveCfg = Debug|Any CPU
		{B357BAC7-529E-4D81-A0D2-71041B19C8DE}.MonoTouch|Any CPU.ActiveCfg = Release_Ubuntu|Any CPU
		{B357BAC7-529E-4D81-A0D2-71041B19C8DE}.MonoTouch|Any CPU.Build.0 = Release_Ubuntu|Any CPU
		{B357BAC7-529E-4D81-A0D2-71041B19C8DE}.MonoTouch|x86.ActiveCfg = Release_Ubuntu|Any CPU
		{B357BAC7-529E-4D81-A0D2-71041B19C8DE}.Release_Ubuntu|Any CPU.ActiveCfg = Release_Ubuntu|Any CPU
		{B357BAC7-529E-4D81-A0D2-71041B19C8DE}.Release_Ubuntu|Any CPU.Build.0 = Release_Ubuntu|Any CPU
		{B357BAC7-529E-4D81-A0D2-71041B19C8DE}.Release_Ubuntu|x86.ActiveCfg = Release_Ubuntu|Any CPU
		{B357BAC7-529E-4D81-A0D2-71041B19C8DE}.Release|Any CPU.ActiveCfg = Release|Any CPU
		{B357BAC7-529E-4D81-A0D2-71041B19C8DE}.Release|Any CPU.Build.0 = Release|Any CPU
		{B357BAC7-529E-4D81-A0D2-71041B19C8DE}.Release|x86.ActiveCfg = Release|Any CPU
		{B357BAC7-529E-4D81-A0D2-71041B19C8DE}.Signed|Any CPU.ActiveCfg = Release_Ubuntu|Any CPU
		{B357BAC7-529E-4D81-A0D2-71041B19C8DE}.Signed|Any CPU.Build.0 = Release_Ubuntu|Any CPU
		{B357BAC7-529E-4D81-A0D2-71041B19C8DE}.Signed|x86.ActiveCfg = Release_Ubuntu|Any CPU
		{B357BAC7-529E-4D81-A0D2-71041B19C8DE}.STATIC_ONLY NO_EXPRESSIONS|Any CPU.ActiveCfg = Release_Ubuntu|Any CPU
		{B357BAC7-529E-4D81-A0D2-71041B19C8DE}.STATIC_ONLY NO_EXPRESSIONS|Any CPU.Build.0 = Release_Ubuntu|Any CPU
		{B357BAC7-529E-4D81-A0D2-71041B19C8DE}.STATIC_ONLY NO_EXPRESSIONS|x86.ActiveCfg = Release_Ubuntu|Any CPU
		{F471EF0F-5A54-40CA-9081-E17F6A473476}.Debug_Ubuntu|Any CPU.ActiveCfg = Debug|Any CPU
		{F471EF0F-5A54-40CA-9081-E17F6A473476}.Debug_Ubuntu|Any CPU.Build.0 = Debug|Any CPU
		{F471EF0F-5A54-40CA-9081-E17F6A473476}.Debug_Ubuntu|x86.ActiveCfg = Debug|Any CPU
		{F471EF0F-5A54-40CA-9081-E17F6A473476}.Debug|Any CPU.ActiveCfg = Debug|Any CPU
		{F471EF0F-5A54-40CA-9081-E17F6A473476}.Debug|Any CPU.Build.0 = Debug|Any CPU
		{F471EF0F-5A54-40CA-9081-E17F6A473476}.Debug|x86.ActiveCfg = Debug|Any CPU
		{F471EF0F-5A54-40CA-9081-E17F6A473476}.MonoTouch|Any CPU.ActiveCfg = Release|Any CPU
		{F471EF0F-5A54-40CA-9081-E17F6A473476}.MonoTouch|Any CPU.Build.0 = Release|Any CPU
		{F471EF0F-5A54-40CA-9081-E17F6A473476}.MonoTouch|x86.ActiveCfg = Release|Any CPU
		{F471EF0F-5A54-40CA-9081-E17F6A473476}.Release_Ubuntu|Any CPU.ActiveCfg = Release|Any CPU
		{F471EF0F-5A54-40CA-9081-E17F6A473476}.Release_Ubuntu|Any CPU.Build.0 = Release|Any CPU
		{F471EF0F-5A54-40CA-9081-E17F6A473476}.Release_Ubuntu|x86.ActiveCfg = Release|Any CPU
		{F471EF0F-5A54-40CA-9081-E17F6A473476}.Release|Any CPU.ActiveCfg = Release|Any CPU
		{F471EF0F-5A54-40CA-9081-E17F6A473476}.Release|Any CPU.Build.0 = Release|Any CPU
		{F471EF0F-5A54-40CA-9081-E17F6A473476}.Release|x86.ActiveCfg = Release|Any CPU
		{F471EF0F-5A54-40CA-9081-E17F6A473476}.Signed|Any CPU.ActiveCfg = Release|Any CPU
		{F471EF0F-5A54-40CA-9081-E17F6A473476}.Signed|Any CPU.Build.0 = Release|Any CPU
		{F471EF0F-5A54-40CA-9081-E17F6A473476}.Signed|x86.ActiveCfg = Release|Any CPU
		{F471EF0F-5A54-40CA-9081-E17F6A473476}.STATIC_ONLY NO_EXPRESSIONS|Any CPU.ActiveCfg = Release|Any CPU
		{F471EF0F-5A54-40CA-9081-E17F6A473476}.STATIC_ONLY NO_EXPRESSIONS|Any CPU.Build.0 = Release|Any CPU
		{F471EF0F-5A54-40CA-9081-E17F6A473476}.STATIC_ONLY NO_EXPRESSIONS|x86.ActiveCfg = Release|Any CPU
		{AF99F19B-4C04-4F58-81EF-B092F1FCC540}.Debug_Ubuntu|Any CPU.ActiveCfg = Debug|Any CPU
		{AF99F19B-4C04-4F58-81EF-B092F1FCC540}.Debug_Ubuntu|Any CPU.Build.0 = Debug|Any CPU
		{AF99F19B-4C04-4F58-81EF-B092F1FCC540}.Debug_Ubuntu|x86.ActiveCfg = Debug|x86
		{AF99F19B-4C04-4F58-81EF-B092F1FCC540}.Debug_Ubuntu|x86.Build.0 = Debug|x86
		{AF99F19B-4C04-4F58-81EF-B092F1FCC540}.Debug|Any CPU.ActiveCfg = Debug|Any CPU
		{AF99F19B-4C04-4F58-81EF-B092F1FCC540}.Debug|Any CPU.Build.0 = Debug|Any CPU
		{AF99F19B-4C04-4F58-81EF-B092F1FCC540}.Debug|x86.ActiveCfg = Debug|x86
		{AF99F19B-4C04-4F58-81EF-B092F1FCC540}.Debug|x86.Build.0 = Debug|x86
		{AF99F19B-4C04-4F58-81EF-B092F1FCC540}.MonoTouch|Any CPU.ActiveCfg = MonoTouch|Any CPU
		{AF99F19B-4C04-4F58-81EF-B092F1FCC540}.MonoTouch|Any CPU.Build.0 = MonoTouch|Any CPU
		{AF99F19B-4C04-4F58-81EF-B092F1FCC540}.MonoTouch|x86.ActiveCfg = MonoTouch|x86
		{AF99F19B-4C04-4F58-81EF-B092F1FCC540}.MonoTouch|x86.Build.0 = MonoTouch|x86
		{AF99F19B-4C04-4F58-81EF-B092F1FCC540}.Release_Ubuntu|Any CPU.ActiveCfg = Release|Any CPU
		{AF99F19B-4C04-4F58-81EF-B092F1FCC540}.Release_Ubuntu|Any CPU.Build.0 = Release|Any CPU
		{AF99F19B-4C04-4F58-81EF-B092F1FCC540}.Release_Ubuntu|x86.ActiveCfg = Release|x86
		{AF99F19B-4C04-4F58-81EF-B092F1FCC540}.Release_Ubuntu|x86.Build.0 = Release|x86
		{AF99F19B-4C04-4F58-81EF-B092F1FCC540}.Release|Any CPU.ActiveCfg = Release|Any CPU
		{AF99F19B-4C04-4F58-81EF-B092F1FCC540}.Release|Any CPU.Build.0 = Release|Any CPU
		{AF99F19B-4C04-4F58-81EF-B092F1FCC540}.Release|x86.ActiveCfg = Release|x86
		{AF99F19B-4C04-4F58-81EF-B092F1FCC540}.Release|x86.Build.0 = Release|x86
		{AF99F19B-4C04-4F58-81EF-B092F1FCC540}.Signed|Any CPU.ActiveCfg = Signed|Any CPU
		{AF99F19B-4C04-4F58-81EF-B092F1FCC540}.Signed|Any CPU.Build.0 = Signed|Any CPU
		{AF99F19B-4C04-4F58-81EF-B092F1FCC540}.Signed|x86.ActiveCfg = Signed|x86
		{AF99F19B-4C04-4F58-81EF-B092F1FCC540}.Signed|x86.Build.0 = Signed|x86
		{AF99F19B-4C04-4F58-81EF-B092F1FCC540}.STATIC_ONLY NO_EXPRESSIONS|Any CPU.ActiveCfg = STATIC_ONLY NO_EXPRESSIONS|Any CPU
		{AF99F19B-4C04-4F58-81EF-B092F1FCC540}.STATIC_ONLY NO_EXPRESSIONS|Any CPU.Build.0 = STATIC_ONLY NO_EXPRESSIONS|Any CPU
		{AF99F19B-4C04-4F58-81EF-B092F1FCC540}.STATIC_ONLY NO_EXPRESSIONS|x86.ActiveCfg = STATIC_ONLY NO_EXPRESSIONS|x86
		{AF99F19B-4C04-4F58-81EF-B092F1FCC540}.STATIC_ONLY NO_EXPRESSIONS|x86.Build.0 = STATIC_ONLY NO_EXPRESSIONS|x86
		{210B3F8A-8970-4408-B80F-940CCFA0B2B7}.Debug_Ubuntu|Any CPU.ActiveCfg = Debug|Any CPU
		{210B3F8A-8970-4408-B80F-940CCFA0B2B7}.Debug_Ubuntu|Any CPU.Build.0 = Debug|Any CPU
		{210B3F8A-8970-4408-B80F-940CCFA0B2B7}.Debug_Ubuntu|x86.ActiveCfg = Debug|Any CPU
		{210B3F8A-8970-4408-B80F-940CCFA0B2B7}.Debug|Any CPU.ActiveCfg = Debug|Any CPU
		{210B3F8A-8970-4408-B80F-940CCFA0B2B7}.Debug|Any CPU.Build.0 = Debug|Any CPU
		{210B3F8A-8970-4408-B80F-940CCFA0B2B7}.Debug|x86.ActiveCfg = Debug|Any CPU
		{210B3F8A-8970-4408-B80F-940CCFA0B2B7}.MonoTouch|Any CPU.ActiveCfg = Release|Any CPU
		{210B3F8A-8970-4408-B80F-940CCFA0B2B7}.MonoTouch|Any CPU.Build.0 = Release|Any CPU
		{210B3F8A-8970-4408-B80F-940CCFA0B2B7}.MonoTouch|x86.ActiveCfg = Release|Any CPU
		{210B3F8A-8970-4408-B80F-940CCFA0B2B7}.Release_Ubuntu|Any CPU.ActiveCfg = Release|Any CPU
		{210B3F8A-8970-4408-B80F-940CCFA0B2B7}.Release_Ubuntu|Any CPU.Build.0 = Release|Any CPU
		{210B3F8A-8970-4408-B80F-940CCFA0B2B7}.Release_Ubuntu|x86.ActiveCfg = Release|Any CPU
		{210B3F8A-8970-4408-B80F-940CCFA0B2B7}.Release|Any CPU.ActiveCfg = Release|Any CPU
		{210B3F8A-8970-4408-B80F-940CCFA0B2B7}.Release|Any CPU.Build.0 = Release|Any CPU
		{210B3F8A-8970-4408-B80F-940CCFA0B2B7}.Release|x86.ActiveCfg = Release|Any CPU
		{210B3F8A-8970-4408-B80F-940CCFA0B2B7}.Signed|Any CPU.ActiveCfg = Release|Any CPU
		{210B3F8A-8970-4408-B80F-940CCFA0B2B7}.Signed|Any CPU.Build.0 = Release|Any CPU
		{210B3F8A-8970-4408-B80F-940CCFA0B2B7}.Signed|x86.ActiveCfg = Release|Any CPU
		{210B3F8A-8970-4408-B80F-940CCFA0B2B7}.STATIC_ONLY NO_EXPRESSIONS|Any CPU.ActiveCfg = Release|Any CPU
		{210B3F8A-8970-4408-B80F-940CCFA0B2B7}.STATIC_ONLY NO_EXPRESSIONS|Any CPU.Build.0 = Release|Any CPU
		{210B3F8A-8970-4408-B80F-940CCFA0B2B7}.STATIC_ONLY NO_EXPRESSIONS|x86.ActiveCfg = Release|Any CPU
		{AD1ACA3A-6901-407E-813F-DB02C6DB9058}.Debug_Ubuntu|Any CPU.ActiveCfg = Debug|Any CPU
		{AD1ACA3A-6901-407E-813F-DB02C6DB9058}.Debug_Ubuntu|Any CPU.Build.0 = Debug|Any CPU
		{AD1ACA3A-6901-407E-813F-DB02C6DB9058}.Debug_Ubuntu|x86.ActiveCfg = Debug|Any CPU
		{AD1ACA3A-6901-407E-813F-DB02C6DB9058}.Debug|Any CPU.ActiveCfg = Debug|Any CPU
		{AD1ACA3A-6901-407E-813F-DB02C6DB9058}.Debug|Any CPU.Build.0 = Debug|Any CPU
		{AD1ACA3A-6901-407E-813F-DB02C6DB9058}.Debug|x86.ActiveCfg = Debug|Any CPU
		{AD1ACA3A-6901-407E-813F-DB02C6DB9058}.MonoTouch|Any CPU.ActiveCfg = Release|Any CPU
		{AD1ACA3A-6901-407E-813F-DB02C6DB9058}.MonoTouch|Any CPU.Build.0 = Release|Any CPU
		{AD1ACA3A-6901-407E-813F-DB02C6DB9058}.MonoTouch|x86.ActiveCfg = Release|Any CPU
		{AD1ACA3A-6901-407E-813F-DB02C6DB9058}.Release_Ubuntu|Any CPU.ActiveCfg = Release|Any CPU
		{AD1ACA3A-6901-407E-813F-DB02C6DB9058}.Release_Ubuntu|Any CPU.Build.0 = Release|Any CPU
		{AD1ACA3A-6901-407E-813F-DB02C6DB9058}.Release_Ubuntu|x86.ActiveCfg = Release|Any CPU
		{AD1ACA3A-6901-407E-813F-DB02C6DB9058}.Release|Any CPU.ActiveCfg = Release|Any CPU
		{AD1ACA3A-6901-407E-813F-DB02C6DB9058}.Release|Any CPU.Build.0 = Release|Any CPU
		{AD1ACA3A-6901-407E-813F-DB02C6DB9058}.Release|x86.ActiveCfg = Release|Any CPU
		{AD1ACA3A-6901-407E-813F-DB02C6DB9058}.Signed|Any CPU.ActiveCfg = Release|Any CPU
		{AD1ACA3A-6901-407E-813F-DB02C6DB9058}.Signed|Any CPU.Build.0 = Release|Any CPU
		{AD1ACA3A-6901-407E-813F-DB02C6DB9058}.Signed|x86.ActiveCfg = Release|Any CPU
		{AD1ACA3A-6901-407E-813F-DB02C6DB9058}.STATIC_ONLY NO_EXPRESSIONS|Any CPU.ActiveCfg = Release|Any CPU
		{AD1ACA3A-6901-407E-813F-DB02C6DB9058}.STATIC_ONLY NO_EXPRESSIONS|Any CPU.Build.0 = Release|Any CPU
		{AD1ACA3A-6901-407E-813F-DB02C6DB9058}.STATIC_ONLY NO_EXPRESSIONS|x86.ActiveCfg = Release|Any CPU
		{5F3C99C7-0D6E-4078-8CD9-F400E3BB8570}.Debug_Ubuntu|Any CPU.ActiveCfg = Debug|Any CPU
		{5F3C99C7-0D6E-4078-8CD9-F400E3BB8570}.Debug_Ubuntu|Any CPU.Build.0 = Debug|Any CPU
		{5F3C99C7-0D6E-4078-8CD9-F400E3BB8570}.Debug_Ubuntu|x86.ActiveCfg = Debug|Any CPU
		{5F3C99C7-0D6E-4078-8CD9-F400E3BB8570}.Debug|Any CPU.ActiveCfg = Debug|Any CPU
		{5F3C99C7-0D6E-4078-8CD9-F400E3BB8570}.Debug|Any CPU.Build.0 = Debug|Any CPU
		{5F3C99C7-0D6E-4078-8CD9-F400E3BB8570}.Debug|x86.ActiveCfg = Debug|Any CPU
		{5F3C99C7-0D6E-4078-8CD9-F400E3BB8570}.MonoTouch|Any CPU.ActiveCfg = Release|Any CPU
		{5F3C99C7-0D6E-4078-8CD9-F400E3BB8570}.MonoTouch|Any CPU.Build.0 = Release|Any CPU
		{5F3C99C7-0D6E-4078-8CD9-F400E3BB8570}.MonoTouch|x86.ActiveCfg = Release|Any CPU
		{5F3C99C7-0D6E-4078-8CD9-F400E3BB8570}.Release_Ubuntu|Any CPU.ActiveCfg = Release|Any CPU
		{5F3C99C7-0D6E-4078-8CD9-F400E3BB8570}.Release_Ubuntu|Any CPU.Build.0 = Release|Any CPU
		{5F3C99C7-0D6E-4078-8CD9-F400E3BB8570}.Release_Ubuntu|x86.ActiveCfg = Release|Any CPU
		{5F3C99C7-0D6E-4078-8CD9-F400E3BB8570}.Release|Any CPU.ActiveCfg = Release|Any CPU
		{5F3C99C7-0D6E-4078-8CD9-F400E3BB8570}.Release|Any CPU.Build.0 = Release|Any CPU
		{5F3C99C7-0D6E-4078-8CD9-F400E3BB8570}.Release|x86.ActiveCfg = Release|Any CPU
		{5F3C99C7-0D6E-4078-8CD9-F400E3BB8570}.Signed|Any CPU.ActiveCfg = Release|Any CPU
		{5F3C99C7-0D6E-4078-8CD9-F400E3BB8570}.Signed|Any CPU.Build.0 = Release|Any CPU
		{5F3C99C7-0D6E-4078-8CD9-F400E3BB8570}.Signed|x86.ActiveCfg = Release|Any CPU
		{5F3C99C7-0D6E-4078-8CD9-F400E3BB8570}.STATIC_ONLY NO_EXPRESSIONS|Any CPU.ActiveCfg = Release|Any CPU
		{5F3C99C7-0D6E-4078-8CD9-F400E3BB8570}.STATIC_ONLY NO_EXPRESSIONS|Any CPU.Build.0 = Release|Any CPU
		{5F3C99C7-0D6E-4078-8CD9-F400E3BB8570}.STATIC_ONLY NO_EXPRESSIONS|x86.ActiveCfg = Release|Any CPU
		{F0F86ADC-238A-4193-B7B8-B5BCDDE85BD2}.Debug_Ubuntu|Any CPU.ActiveCfg = Debug|Any CPU
		{F0F86ADC-238A-4193-B7B8-B5BCDDE85BD2}.Debug_Ubuntu|Any CPU.Build.0 = Debug|Any CPU
		{F0F86ADC-238A-4193-B7B8-B5BCDDE85BD2}.Debug_Ubuntu|x86.ActiveCfg = Debug|Any CPU
		{F0F86ADC-238A-4193-B7B8-B5BCDDE85BD2}.Debug|Any CPU.ActiveCfg = Debug|Any CPU
		{F0F86ADC-238A-4193-B7B8-B5BCDDE85BD2}.Debug|Any CPU.Build.0 = Debug|Any CPU
		{F0F86ADC-238A-4193-B7B8-B5BCDDE85BD2}.Debug|x86.ActiveCfg = Debug|Any CPU
		{F0F86ADC-238A-4193-B7B8-B5BCDDE85BD2}.MonoTouch|Any CPU.ActiveCfg = Release|Any CPU
		{F0F86ADC-238A-4193-B7B8-B5BCDDE85BD2}.MonoTouch|Any CPU.Build.0 = Release|Any CPU
		{F0F86ADC-238A-4193-B7B8-B5BCDDE85BD2}.MonoTouch|x86.ActiveCfg = Release|Any CPU
		{F0F86ADC-238A-4193-B7B8-B5BCDDE85BD2}.Release_Ubuntu|Any CPU.ActiveCfg = Release|Any CPU
		{F0F86ADC-238A-4193-B7B8-B5BCDDE85BD2}.Release_Ubuntu|Any CPU.Build.0 = Release|Any CPU
		{F0F86ADC-238A-4193-B7B8-B5BCDDE85BD2}.Release_Ubuntu|x86.ActiveCfg = Release|Any CPU
		{F0F86ADC-238A-4193-B7B8-B5BCDDE85BD2}.Release|Any CPU.ActiveCfg = Release|Any CPU
		{F0F86ADC-238A-4193-B7B8-B5BCDDE85BD2}.Release|Any CPU.Build.0 = Release|Any CPU
		{F0F86ADC-238A-4193-B7B8-B5BCDDE85BD2}.Release|x86.ActiveCfg = Release|Any CPU
		{F0F86ADC-238A-4193-B7B8-B5BCDDE85BD2}.Signed|Any CPU.ActiveCfg = Release|Any CPU
		{F0F86ADC-238A-4193-B7B8-B5BCDDE85BD2}.Signed|Any CPU.Build.0 = Release|Any CPU
		{F0F86ADC-238A-4193-B7B8-B5BCDDE85BD2}.Signed|x86.ActiveCfg = Release|Any CPU
		{F0F86ADC-238A-4193-B7B8-B5BCDDE85BD2}.STATIC_ONLY NO_EXPRESSIONS|Any CPU.ActiveCfg = Release|Any CPU
		{F0F86ADC-238A-4193-B7B8-B5BCDDE85BD2}.STATIC_ONLY NO_EXPRESSIONS|Any CPU.Build.0 = Release|Any CPU
		{F0F86ADC-238A-4193-B7B8-B5BCDDE85BD2}.STATIC_ONLY NO_EXPRESSIONS|x86.ActiveCfg = Release|Any CPU
		{818FC7A1-3087-4207-B5EA-3EA8BB86B7DB}.Debug_Ubuntu|Any CPU.ActiveCfg = Debug|Any CPU
		{818FC7A1-3087-4207-B5EA-3EA8BB86B7DB}.Debug_Ubuntu|Any CPU.Build.0 = Debug|Any CPU
		{818FC7A1-3087-4207-B5EA-3EA8BB86B7DB}.Debug_Ubuntu|x86.ActiveCfg = Debug|Any CPU
		{818FC7A1-3087-4207-B5EA-3EA8BB86B7DB}.Debug|Any CPU.ActiveCfg = Debug|Any CPU
		{818FC7A1-3087-4207-B5EA-3EA8BB86B7DB}.Debug|Any CPU.Build.0 = Debug|Any CPU
		{818FC7A1-3087-4207-B5EA-3EA8BB86B7DB}.Debug|x86.ActiveCfg = Debug|Any CPU
		{818FC7A1-3087-4207-B5EA-3EA8BB86B7DB}.MonoTouch|Any CPU.ActiveCfg = Release|Any CPU
		{818FC7A1-3087-4207-B5EA-3EA8BB86B7DB}.MonoTouch|Any CPU.Build.0 = Release|Any CPU
		{818FC7A1-3087-4207-B5EA-3EA8BB86B7DB}.MonoTouch|x86.ActiveCfg = Release|Any CPU
		{818FC7A1-3087-4207-B5EA-3EA8BB86B7DB}.Release_Ubuntu|Any CPU.ActiveCfg = Release|Any CPU
		{818FC7A1-3087-4207-B5EA-3EA8BB86B7DB}.Release_Ubuntu|Any CPU.Build.0 = Release|Any CPU
		{818FC7A1-3087-4207-B5EA-3EA8BB86B7DB}.Release_Ubuntu|x86.ActiveCfg = Release|Any CPU
		{818FC7A1-3087-4207-B5EA-3EA8BB86B7DB}.Release|Any CPU.ActiveCfg = Release|Any CPU
		{818FC7A1-3087-4207-B5EA-3EA8BB86B7DB}.Release|Any CPU.Build.0 = Release|Any CPU
		{818FC7A1-3087-4207-B5EA-3EA8BB86B7DB}.Release|x86.ActiveCfg = Release|Any CPU
		{818FC7A1-3087-4207-B5EA-3EA8BB86B7DB}.Signed|Any CPU.ActiveCfg = Release|Any CPU
		{818FC7A1-3087-4207-B5EA-3EA8BB86B7DB}.Signed|Any CPU.Build.0 = Release|Any CPU
		{818FC7A1-3087-4207-B5EA-3EA8BB86B7DB}.Signed|x86.ActiveCfg = Release|Any CPU
		{818FC7A1-3087-4207-B5EA-3EA8BB86B7DB}.STATIC_ONLY NO_EXPRESSIONS|Any CPU.ActiveCfg = Release|Any CPU
		{818FC7A1-3087-4207-B5EA-3EA8BB86B7DB}.STATIC_ONLY NO_EXPRESSIONS|Any CPU.Build.0 = Release|Any CPU
		{818FC7A1-3087-4207-B5EA-3EA8BB86B7DB}.STATIC_ONLY NO_EXPRESSIONS|x86.ActiveCfg = Release|Any CPU
	EndGlobalSection
	GlobalSection(SolutionProperties) = preSolution
		HideSolutionNode = FALSE
	EndGlobalSection
EndGlobal
